{
  "version": 4,
  "terraform_version": "1.2.8",
  "serial": 323,
  "lineage": "9db8d35b-4f41-2f27-f8af-74f866f35463",
  "outputs": {
    "rest_api_url": {
      "value": "https://1ku7pn5vxh.execute-api.us-east-1.amazonaws.com/stg/predict",
      "type": "string"
    }
  },
  "resources": [
    {
      "mode": "data",
      "type": "aws_caller_identity",
      "name": "current_identity",
      "provider": "provider[\"registry.terraform.io/hashicorp/aws\"]",
      "instances": [
        {
          "schema_version": 0,
          "attributes": {
            "account_id": "435520236541",
            "arn": "arn:aws:iam::435520236541:user/Nnaemeka",
            "id": "435520236541",
            "user_id": "AIDAWKZYHNP6X4ZF7763I"
          },
          "sensitive_attributes": []
        }
      ]
    },
    {
      "module": "module.api_gateway",
      "mode": "managed",
      "type": "aws_api_gateway_deployment",
      "name": "rest_api_deployment",
      "provider": "provider[\"registry.terraform.io/hashicorp/aws\"]",
      "instances": [
        {
          "schema_version": 0,
          "attributes": {
            "created_date": "2022-09-10T13:25:26Z",
            "description": "",
            "execution_arn": "arn:aws:execute-api:us-east-1:435520236541:1ku7pn5vxh/",
            "id": "ex5frt",
            "invoke_url": "https://1ku7pn5vxh.execute-api.us-east-1.amazonaws.com/",
            "rest_api_id": "1ku7pn5vxh",
            "stage_description": null,
            "stage_name": null,
            "triggers": {
              "redeployment": "b57501665b8acf285f668096f78b72107b7337d9"
            },
            "variables": null
          },
          "sensitive_attributes": [],
          "private": "bnVsbA==",
          "dependencies": [
            "data.aws_caller_identity.current_identity",
            "module.api_gateway.aws_api_gateway_integration.rest_api_get_method_integration",
            "module.api_gateway.aws_api_gateway_method.rest_api_get_method",
            "module.api_gateway.aws_api_gateway_resource.rest_api_resource",
            "module.api_gateway.aws_api_gateway_rest_api.rest_api",
            "module.ecr_image.aws_ecr_repository.repo",
            "module.ecr_image.data.aws_ecr_image.lambda_image",
            "module.ecr_image.null_resource.ecr_image",
            "module.lamdba_function.aws_cloudwatch_log_group.lambda_log_group",
            "module.lamdba_function.aws_iam_policy.lambda_s3_role_policy",
            "module.lamdba_function.aws_iam_role.lambda_exec",
            "module.lamdba_function.aws_iam_role_policy_attachment.iam-policy-attach",
            "module.lamdba_function.aws_iam_role_policy_attachment.lambda_policy",
            "module.lamdba_function.aws_lambda_function.lambda_function",
            "module.s3_bucket.aws_s3_bucket.s3_bucket"
          ]
        }
      ]
    },
    {
      "module": "module.api_gateway",
      "mode": "managed",
      "type": "aws_api_gateway_integration",
      "name": "rest_api_get_method_integration",
      "provider": "provider[\"registry.terraform.io/hashicorp/aws\"]",
      "instances": [
        {
          "schema_version": 0,
          "attributes": {
            "cache_key_parameters": null,
            "cache_namespace": "444h1z",
            "connection_id": "",
            "connection_type": "INTERNET",
            "content_handling": "",
            "credentials": "",
            "http_method": "POST",
            "id": "agi-1ku7pn5vxh-444h1z-POST",
            "integration_http_method": "POST",
            "passthrough_behavior": "WHEN_NO_MATCH",
            "request_parameters": null,
            "request_templates": null,
            "resource_id": "444h1z",
            "rest_api_id": "1ku7pn5vxh",
            "timeout_milliseconds": 29000,
            "tls_config": [],
            "type": "AWS_PROXY",
            "uri": "arn:aws:apigateway:us-east-1:lambda:path/2015-03-31/functions/arn:aws:lambda:us-east-1:435520236541:function:stg_prediction_lambda/invocations"
          },
          "sensitive_attributes": [],
          "private": "bnVsbA==",
          "dependencies": [
            "data.aws_caller_identity.current_identity",
            "module.api_gateway.aws_api_gateway_method.rest_api_get_method",
            "module.api_gateway.aws_api_gateway_resource.rest_api_resource",
            "module.api_gateway.aws_api_gateway_rest_api.rest_api",
            "module.ecr_image.aws_ecr_repository.repo",
            "module.ecr_image.data.aws_ecr_image.lambda_image",
            "module.ecr_image.null_resource.ecr_image",
            "module.lamdba_function.aws_cloudwatch_log_group.lambda_log_group",
            "module.lamdba_function.aws_iam_policy.lambda_s3_role_policy",
            "module.lamdba_function.aws_iam_role.lambda_exec",
            "module.lamdba_function.aws_iam_role_policy_attachment.iam-policy-attach",
            "module.lamdba_function.aws_iam_role_policy_attachment.lambda_policy",
            "module.lamdba_function.aws_lambda_function.lambda_function",
            "module.s3_bucket.aws_s3_bucket.s3_bucket"
          ]
        }
      ]
    },
    {
      "module": "module.api_gateway",
      "mode": "managed",
      "type": "aws_api_gateway_method",
      "name": "rest_api_get_method",
      "provider": "provider[\"registry.terraform.io/hashicorp/aws\"]",
      "instances": [
        {
          "schema_version": 0,
          "attributes": {
            "api_key_required": false,
            "authorization": "NONE",
            "authorization_scopes": null,
            "authorizer_id": null,
            "http_method": "POST",
            "id": "agm-1ku7pn5vxh-444h1z-POST",
            "operation_name": null,
            "request_models": null,
            "request_parameters": null,
            "request_validator_id": null,
            "resource_id": "444h1z",
            "rest_api_id": "1ku7pn5vxh"
          },
          "sensitive_attributes": [],
          "private": "bnVsbA==",
          "dependencies": [
            "data.aws_caller_identity.current_identity",
            "module.api_gateway.aws_api_gateway_resource.rest_api_resource",
            "module.api_gateway.aws_api_gateway_rest_api.rest_api",
            "module.ecr_image.aws_ecr_repository.repo",
            "module.ecr_image.data.aws_ecr_image.lambda_image",
            "module.ecr_image.null_resource.ecr_image",
            "module.lamdba_function.aws_cloudwatch_log_group.lambda_log_group",
            "module.lamdba_function.aws_iam_policy.lambda_s3_role_policy",
            "module.lamdba_function.aws_iam_role.lambda_exec",
            "module.lamdba_function.aws_iam_role_policy_attachment.iam-policy-attach",
            "module.lamdba_function.aws_iam_role_policy_attachment.lambda_policy",
            "module.lamdba_function.aws_lambda_function.lambda_function",
            "module.s3_bucket.aws_s3_bucket.s3_bucket"
          ]
        }
      ]
    },
    {
      "module": "module.api_gateway",
      "mode": "managed",
      "type": "aws_api_gateway_method_response",
      "name": "rest_api_get_method_response_200",
      "provider": "provider[\"registry.terraform.io/hashicorp/aws\"]",
      "instances": [
        {
          "schema_version": 0,
          "attributes": {
            "http_method": "POST",
            "id": "agmr-1ku7pn5vxh-444h1z-POST-200",
            "resource_id": "444h1z",
            "response_models": null,
            "response_parameters": null,
            "rest_api_id": "1ku7pn5vxh",
            "status_code": "200"
          },
          "sensitive_attributes": [],
          "private": "bnVsbA==",
          "dependencies": [
            "data.aws_caller_identity.current_identity",
            "module.api_gateway.aws_api_gateway_method.rest_api_get_method",
            "module.api_gateway.aws_api_gateway_resource.rest_api_resource",
            "module.api_gateway.aws_api_gateway_rest_api.rest_api",
            "module.ecr_image.aws_ecr_repository.repo",
            "module.ecr_image.data.aws_ecr_image.lambda_image",
            "module.ecr_image.null_resource.ecr_image",
            "module.lamdba_function.aws_cloudwatch_log_group.lambda_log_group",
            "module.lamdba_function.aws_iam_policy.lambda_s3_role_policy",
            "module.lamdba_function.aws_iam_role.lambda_exec",
            "module.lamdba_function.aws_iam_role_policy_attachment.iam-policy-attach",
            "module.lamdba_function.aws_iam_role_policy_attachment.lambda_policy",
            "module.lamdba_function.aws_lambda_function.lambda_function",
            "module.s3_bucket.aws_s3_bucket.s3_bucket"
          ]
        }
      ]
    },
    {
      "module": "module.api_gateway",
      "mode": "managed",
      "type": "aws_api_gateway_resource",
      "name": "rest_api_resource",
      "provider": "provider[\"registry.terraform.io/hashicorp/aws\"]",
      "instances": [
        {
          "schema_version": 0,
          "attributes": {
            "id": "444h1z",
            "parent_id": "2ueovp8r39",
            "path": "/predict",
            "path_part": "predict",
            "rest_api_id": "1ku7pn5vxh"
          },
          "sensitive_attributes": [],
          "private": "bnVsbA==",
          "dependencies": [
            "data.aws_caller_identity.current_identity",
            "module.api_gateway.aws_api_gateway_rest_api.rest_api",
            "module.ecr_image.aws_ecr_repository.repo",
            "module.ecr_image.data.aws_ecr_image.lambda_image",
            "module.ecr_image.null_resource.ecr_image",
            "module.lamdba_function.aws_cloudwatch_log_group.lambda_log_group",
            "module.lamdba_function.aws_iam_policy.lambda_s3_role_policy",
            "module.lamdba_function.aws_iam_role.lambda_exec",
            "module.lamdba_function.aws_iam_role_policy_attachment.iam-policy-attach",
            "module.lamdba_function.aws_iam_role_policy_attachment.lambda_policy",
            "module.lamdba_function.aws_lambda_function.lambda_function",
            "module.s3_bucket.aws_s3_bucket.s3_bucket"
          ]
        }
      ]
    },
    {
      "module": "module.api_gateway",
      "mode": "managed",
      "type": "aws_api_gateway_rest_api",
      "name": "rest_api",
      "provider": "provider[\"registry.terraform.io/hashicorp/aws\"]",
      "instances": [
        {
          "schema_version": 0,
          "attributes": {
            "api_key_source": "HEADER",
            "arn": "arn:aws:apigateway:us-east-1::/restapis/1ku7pn5vxh",
            "binary_media_types": [],
            "body": null,
            "created_date": "2022-09-10T13:25:25Z",
            "description": "",
            "disable_execute_api_endpoint": false,
            "endpoint_configuration": [
              {
                "types": [
                  "EDGE"
                ],
                "vpc_endpoint_ids": []
              }
            ],
            "execution_arn": "arn:aws:execute-api:us-east-1:435520236541:1ku7pn5vxh",
            "id": "1ku7pn5vxh",
            "minimum_compression_size": -1,
            "name": "house_prediction_api",
            "parameters": null,
            "policy": "",
            "root_resource_id": "2ueovp8r39",
            "tags": null,
            "tags_all": {}
          },
          "sensitive_attributes": [],
          "private": "bnVsbA==",
          "dependencies": [
            "data.aws_caller_identity.current_identity",
            "module.ecr_image.aws_ecr_repository.repo",
            "module.ecr_image.data.aws_ecr_image.lambda_image",
            "module.ecr_image.null_resource.ecr_image",
            "module.lamdba_function.aws_cloudwatch_log_group.lambda_log_group",
            "module.lamdba_function.aws_iam_policy.lambda_s3_role_policy",
            "module.lamdba_function.aws_iam_role.lambda_exec",
            "module.lamdba_function.aws_iam_role_policy_attachment.iam-policy-attach",
            "module.lamdba_function.aws_iam_role_policy_attachment.lambda_policy",
            "module.lamdba_function.aws_lambda_function.lambda_function",
            "module.s3_bucket.aws_s3_bucket.s3_bucket"
          ]
        }
      ]
    },
    {
      "module": "module.api_gateway",
      "mode": "managed",
      "type": "aws_api_gateway_stage",
      "name": "rest_api_stage",
      "provider": "provider[\"registry.terraform.io/hashicorp/aws\"]",
      "instances": [
        {
          "schema_version": 0,
          "attributes": {
            "access_log_settings": [],
            "arn": "arn:aws:apigateway:us-east-1::/restapis/1ku7pn5vxh/stages/stg",
            "cache_cluster_enabled": false,
            "cache_cluster_size": "",
            "client_certificate_id": "",
            "deployment_id": "ex5frt",
            "description": "",
            "documentation_version": "",
            "execution_arn": "arn:aws:execute-api:us-east-1:435520236541:1ku7pn5vxh/stg",
            "id": "ags-1ku7pn5vxh-stg",
            "invoke_url": "https://1ku7pn5vxh.execute-api.us-east-1.amazonaws.com/stg",
            "rest_api_id": "1ku7pn5vxh",
            "stage_name": "stg",
            "tags": null,
            "tags_all": {},
            "variables": null,
            "web_acl_arn": "",
            "xray_tracing_enabled": false
          },
          "sensitive_attributes": [],
          "private": "bnVsbA==",
          "dependencies": [
            "data.aws_caller_identity.current_identity",
            "module.api_gateway.aws_api_gateway_deployment.rest_api_deployment",
            "module.api_gateway.aws_api_gateway_integration.rest_api_get_method_integration",
            "module.api_gateway.aws_api_gateway_method.rest_api_get_method",
            "module.api_gateway.aws_api_gateway_resource.rest_api_resource",
            "module.api_gateway.aws_api_gateway_rest_api.rest_api",
            "module.ecr_image.aws_ecr_repository.repo",
            "module.ecr_image.data.aws_ecr_image.lambda_image",
            "module.ecr_image.null_resource.ecr_image",
            "module.lamdba_function.aws_cloudwatch_log_group.lambda_log_group",
            "module.lamdba_function.aws_iam_policy.lambda_s3_role_policy",
            "module.lamdba_function.aws_iam_role.lambda_exec",
            "module.lamdba_function.aws_iam_role_policy_attachment.iam-policy-attach",
            "module.lamdba_function.aws_iam_role_policy_attachment.lambda_policy",
            "module.lamdba_function.aws_lambda_function.lambda_function",
            "module.s3_bucket.aws_s3_bucket.s3_bucket"
          ]
        }
      ]
    },
    {
      "module": "module.api_gateway",
      "mode": "managed",
      "type": "aws_lambda_permission",
      "name": "api_gateway_lambda",
      "provider": "provider[\"registry.terraform.io/hashicorp/aws\"]",
      "instances": [
        {
          "schema_version": 0,
          "attributes": {
            "action": "lambda:InvokeFunction",
            "event_source_token": null,
            "function_name": "stg_prediction_lambda",
            "id": "AllowExecutionFromAPIGateway",
            "principal": "apigateway.amazonaws.com",
            "qualifier": "",
            "source_account": null,
            "source_arn": "arn:aws:execute-api:us-east-1:435520236541:1ku7pn5vxh/*/POST/predict",
            "statement_id": "AllowExecutionFromAPIGateway",
            "statement_id_prefix": null
          },
          "sensitive_attributes": [],
          "private": "bnVsbA==",
          "dependencies": [
            "data.aws_caller_identity.current_identity",
            "module.api_gateway.aws_api_gateway_method.rest_api_get_method",
            "module.api_gateway.aws_api_gateway_resource.rest_api_resource",
            "module.api_gateway.aws_api_gateway_rest_api.rest_api",
            "module.ecr_image.aws_ecr_repository.repo",
            "module.ecr_image.data.aws_ecr_image.lambda_image",
            "module.ecr_image.null_resource.ecr_image",
            "module.lamdba_function.aws_cloudwatch_log_group.lambda_log_group",
            "module.lamdba_function.aws_iam_policy.lambda_s3_role_policy",
            "module.lamdba_function.aws_iam_role.lambda_exec",
            "module.lamdba_function.aws_iam_role_policy_attachment.iam-policy-attach",
            "module.lamdba_function.aws_iam_role_policy_attachment.lambda_policy",
            "module.lamdba_function.aws_lambda_function.lambda_function",
            "module.s3_bucket.aws_s3_bucket.s3_bucket"
          ]
        }
      ]
    },
    {
      "module": "module.ecr_image",
      "mode": "data",
      "type": "aws_ecr_image",
      "name": "lambda_image",
      "provider": "provider[\"registry.terraform.io/hashicorp/aws\"]",
      "instances": [
        {
          "schema_version": 0,
          "attributes": {
            "id": "sha256:0db66a4fcff2559c9aef3e2b614779e021866a25b721afaa6d1f82c99b4799f5",
            "image_digest": "sha256:0db66a4fcff2559c9aef3e2b614779e021866a25b721afaa6d1f82c99b4799f5",
            "image_pushed_at": 1662816285,
            "image_size_in_bytes": 957767153,
            "image_tag": "latest",
            "image_tags": [
              "latest"
            ],
            "registry_id": "435520236541",
            "repository_name": "stg_house_prediction_nerdward-mlops-project"
          },
          "sensitive_attributes": []
        }
      ]
    },
    {
      "module": "module.ecr_image",
      "mode": "managed",
      "type": "aws_ecr_repository",
      "name": "repo",
      "provider": "provider[\"registry.terraform.io/hashicorp/aws\"]",
      "instances": [
        {
          "schema_version": 0,
          "attributes": {
            "arn": "arn:aws:ecr:us-east-1:435520236541:repository/stg_house_prediction_nerdward-mlops-project",
            "encryption_configuration": [
              {
                "encryption_type": "AES256",
                "kms_key": ""
              }
            ],
            "id": "stg_house_prediction_nerdward-mlops-project",
            "image_scanning_configuration": [
              {
                "scan_on_push": false
              }
            ],
            "image_tag_mutability": "MUTABLE",
            "name": "stg_house_prediction_nerdward-mlops-project",
            "registry_id": "435520236541",
            "repository_url": "435520236541.dkr.ecr.us-east-1.amazonaws.com/stg_house_prediction_nerdward-mlops-project",
            "tags": null,
            "tags_all": {},
            "timeouts": null
          },
          "sensitive_attributes": [],
          "private": "eyJlMmJmYjczMC1lY2FhLTExZTYtOGY4OC0zNDM2M2JjN2M0YzAiOnsiZGVsZXRlIjoxMjAwMDAwMDAwMDAwfX0="
        }
      ]
    },
    {
      "module": "module.ecr_image",
      "mode": "managed",
      "type": "null_resource",
      "name": "ecr_image",
      "provider": "provider[\"registry.terraform.io/hashicorp/null\"]",
      "instances": [
        {
          "schema_version": 0,
          "attributes": {
            "id": "1282455289935673616",
            "triggers": {
              "docker_file": "a3afeb50c3158a5baa4d0b39feed75b2",
              "python_file": "a45e9a92bbf41e687b59ae78faff7901"
            }
          },
          "sensitive_attributes": [],
          "private": "bnVsbA==",
          "dependencies": [
            "data.aws_caller_identity.current_identity",
            "module.ecr_image.aws_ecr_repository.repo"
          ]
        }
      ]
    },
    {
      "module": "module.lamdba_function",
      "mode": "managed",
      "type": "aws_cloudwatch_log_group",
      "name": "lambda_log_group",
      "provider": "provider[\"registry.terraform.io/hashicorp/aws\"]",
      "instances": [
        {
          "schema_version": 0,
          "attributes": {
            "arn": "arn:aws:logs:us-east-1:435520236541:log-group:/aws/lambda/stg_prediction_lambda",
            "id": "/aws/lambda/stg_prediction_lambda",
            "kms_key_id": "",
            "name": "/aws/lambda/stg_prediction_lambda",
            "name_prefix": null,
            "retention_in_days": 30,
            "tags": null,
            "tags_all": {}
          },
          "sensitive_attributes": [],
          "private": "bnVsbA==",
          "dependencies": [
            "data.aws_caller_identity.current_identity",
            "module.ecr_image.aws_ecr_repository.repo",
            "module.ecr_image.data.aws_ecr_image.lambda_image",
            "module.ecr_image.null_resource.ecr_image",
            "module.lamdba_function.aws_iam_role.lambda_exec",
            "module.lamdba_function.aws_lambda_function.lambda_function",
            "module.s3_bucket.aws_s3_bucket.s3_bucket"
          ]
        }
      ]
    },
    {
      "module": "module.lamdba_function",
      "mode": "managed",
      "type": "aws_iam_policy",
      "name": "lambda_s3_role_policy",
      "provider": "provider[\"registry.terraform.io/hashicorp/aws\"]",
      "instances": [
        {
          "schema_version": 0,
          "attributes": {
            "arn": "arn:aws:iam::435520236541:policy/lambda_s3_policy",
            "description": "IAM policy for s3",
            "id": "arn:aws:iam::435520236541:policy/lambda_s3_policy",
            "name": "lambda_s3_policy",
            "name_prefix": null,
            "path": "/",
            "policy": "{\"Statement\":[{\"Action\":[\"s3:ListAllMyBuckets\",\"s3:GetBucketLocation\",\"s3:*\"],\"Effect\":\"Allow\",\"Resource\":\"*\"},{\"Action\":\"s3:*\",\"Effect\":\"Allow\",\"Resource\":[\"arn:aws:s3:::stg-mflow-model-nerdward-mlops-project\",\"arn:aws:s3:::stg-mflow-model-nerdward-mlops-project/*\"]},{\"Action\":[\"autoscaling:Describe*\",\"cloudwatch:*\",\"logs:*\",\"sns:*\"],\"Effect\":\"Allow\",\"Resource\":\"*\"}],\"Version\":\"2012-10-17\"}",
            "policy_id": "ANPAWKZYHNP6WTFN4J2LE",
            "tags": null,
            "tags_all": {}
          },
          "sensitive_attributes": [],
          "private": "bnVsbA==",
          "dependencies": [
            "module.s3_bucket.aws_s3_bucket.s3_bucket"
          ]
        }
      ]
    },
    {
      "module": "module.lamdba_function",
      "mode": "managed",
      "type": "aws_iam_role",
      "name": "lambda_exec",
      "provider": "provider[\"registry.terraform.io/hashicorp/aws\"]",
      "instances": [
        {
          "schema_version": 0,
          "attributes": {
            "arn": "arn:aws:iam::435520236541:role/serverless_lambda",
            "assume_role_policy": "{\"Version\":\"2012-10-17\",\"Statement\":[{\"Sid\":\"\",\"Effect\":\"Allow\",\"Principal\":{\"Service\":\"lambda.amazonaws.com\"},\"Action\":\"sts:AssumeRole\"}]}",
            "create_date": "2022-09-10T13:23:39Z",
            "description": "",
            "force_detach_policies": false,
            "id": "serverless_lambda",
            "inline_policy": [
              {
                "name": "",
                "policy": ""
              }
            ],
            "managed_policy_arns": [],
            "max_session_duration": 3600,
            "name": "serverless_lambda",
            "name_prefix": "",
            "path": "/",
            "permissions_boundary": null,
            "tags": null,
            "tags_all": {},
            "unique_id": "AROAWKZYHNP6VLM5YSHTJ"
          },
          "sensitive_attributes": [],
          "private": "bnVsbA=="
        }
      ]
    },
    {
      "module": "module.lamdba_function",
      "mode": "managed",
      "type": "aws_iam_role_policy_attachment",
      "name": "iam-policy-attach",
      "provider": "provider[\"registry.terraform.io/hashicorp/aws\"]",
      "instances": [
        {
          "schema_version": 0,
          "attributes": {
            "id": "serverless_lambda-20220910132341058200000002",
            "policy_arn": "arn:aws:iam::435520236541:policy/lambda_s3_policy",
            "role": "serverless_lambda"
          },
          "sensitive_attributes": [],
          "private": "bnVsbA==",
          "dependencies": [
            "module.lamdba_function.aws_iam_policy.lambda_s3_role_policy",
            "module.lamdba_function.aws_iam_role.lambda_exec",
            "module.s3_bucket.aws_s3_bucket.s3_bucket"
          ]
        }
      ]
    },
    {
      "module": "module.lamdba_function",
      "mode": "managed",
      "type": "aws_iam_role_policy_attachment",
      "name": "lambda_policy",
      "provider": "provider[\"registry.terraform.io/hashicorp/aws\"]",
      "instances": [
        {
          "schema_version": 0,
          "attributes": {
            "id": "serverless_lambda-20220910132340568600000001",
            "policy_arn": "arn:aws:iam::aws:policy/service-role/AWSLambdaBasicExecutionRole",
            "role": "serverless_lambda"
          },
          "sensitive_attributes": [],
          "private": "bnVsbA==",
          "dependencies": [
            "module.lamdba_function.aws_iam_role.lambda_exec"
          ]
        }
      ]
    },
    {
      "module": "module.lamdba_function",
      "mode": "managed",
      "type": "aws_lambda_function",
      "name": "lambda_function",
      "provider": "provider[\"registry.terraform.io/hashicorp/aws\"]",
      "instances": [
        {
          "schema_version": 0,
          "attributes": {
            "architectures": [
              "x86_64"
            ],
            "arn": "arn:aws:lambda:us-east-1:435520236541:function:stg_prediction_lambda",
            "code_signing_config_arn": "",
            "dead_letter_config": [],
            "description": "",
            "environment": [
              {
                "variables": {
                  "MODEL_BUCKET": "stg-mflow-model-nerdward-mlops-project"
                }
              }
            ],
            "file_system_config": [],
            "filename": null,
            "function_name": "stg_prediction_lambda",
            "handler": "",
            "id": "stg_prediction_lambda",
            "image_config": [],
            "image_uri": "435520236541.dkr.ecr.us-east-1.amazonaws.com/stg_house_prediction_nerdward-mlops-project:latest",
            "invoke_arn": "arn:aws:apigateway:us-east-1:lambda:path/2015-03-31/functions/arn:aws:lambda:us-east-1:435520236541:function:stg_prediction_lambda/invocations",
            "kms_key_arn": "",
            "last_modified": "2022-09-10T13:24:46.528+0000",
            "layers": null,
            "memory_size": 128,
            "package_type": "Image",
            "publish": false,
            "qualified_arn": "arn:aws:lambda:us-east-1:435520236541:function:stg_prediction_lambda:$LATEST",
            "reserved_concurrent_executions": -1,
            "role": "arn:aws:iam::435520236541:role/serverless_lambda",
            "runtime": "",
            "s3_bucket": null,
            "s3_key": null,
            "s3_object_version": null,
            "signing_job_arn": "",
            "signing_profile_version_arn": "",
            "source_code_hash": "0db66a4fcff2559c9aef3e2b614779e021866a25b721afaa6d1f82c99b4799f5",
            "source_code_size": 0,
            "tags": null,
            "tags_all": {},
            "timeout": 180,
            "timeouts": null,
            "tracing_config": [
              {
                "mode": "Active"
              }
            ],
            "version": "$LATEST",
            "vpc_config": []
          },
          "sensitive_attributes": [],
          "private": "eyJlMmJmYjczMC1lY2FhLTExZTYtOGY4OC0zNDM2M2JjN2M0YzAiOnsiY3JlYXRlIjo2MDAwMDAwMDAwMDB9fQ==",
          "dependencies": [
            "data.aws_caller_identity.current_identity",
            "module.ecr_image.aws_ecr_repository.repo",
            "module.ecr_image.data.aws_ecr_image.lambda_image",
            "module.ecr_image.null_resource.ecr_image",
            "module.lamdba_function.aws_iam_role.lambda_exec",
            "module.s3_bucket.aws_s3_bucket.s3_bucket"
          ]
        }
      ]
    },
    {
      "module": "module.s3_bucket",
      "mode": "managed",
      "type": "aws_s3_bucket",
      "name": "s3_bucket",
      "provider": "provider[\"registry.terraform.io/hashicorp/aws\"]",
      "instances": [
        {
          "schema_version": 0,
          "attributes": {
            "acceleration_status": "",
            "acl": "private",
            "arn": "arn:aws:s3:::stg-mflow-model-nerdward-mlops-project",
            "bucket": "stg-mflow-model-nerdward-mlops-project",
            "bucket_domain_name": "stg-mflow-model-nerdward-mlops-project.s3.amazonaws.com",
            "bucket_prefix": null,
            "bucket_regional_domain_name": "stg-mflow-model-nerdward-mlops-project.s3.amazonaws.com",
            "cors_rule": [],
            "force_destroy": true,
            "grant": [],
            "hosted_zone_id": "Z3AQBSTGFYJSTF",
            "id": "stg-mflow-model-nerdward-mlops-project",
            "lifecycle_rule": [],
            "logging": [],
            "object_lock_configuration": [],
            "policy": "",
            "region": "us-east-1",
            "replication_configuration": [],
            "request_payer": "BucketOwner",
            "server_side_encryption_configuration": [],
            "tags": null,
            "tags_all": {},
            "versioning": [
              {
                "enabled": false,
                "mfa_delete": false
              }
            ],
            "website": [],
            "website_domain": null,
            "website_endpoint": null
          },
          "sensitive_attributes": [],
          "private": "bnVsbA=="
        }
      ]
    }
  ]
}
